// !$*UTF8*$!
{
	archiveVersion = 1;
	classes = {
	};
	objectVersion = 50;
	objects = {

/* Begin PBXBuildFile section */
		E8D9859F20C97AD400A9A300 /* AppDelegate.swift in Sources */ = {isa = PBXBuildFile; fileRef = E8D9859E20C97AD400A9A300 /* AppDelegate.swift */; };
		E8D985A420C97AD400A9A300 /* Main.storyboard in Resources */ = {isa = PBXBuildFile; fileRef = E8D985A220C97AD400A9A300 /* Main.storyboard */; };
		E8D985A620C97AD800A9A300 /* Assets.xcassets in Resources */ = {isa = PBXBuildFile; fileRef = E8D985A520C97AD800A9A300 /* Assets.xcassets */; };
		E8D985A920C97AD800A9A300 /* LaunchScreen.storyboard in Resources */ = {isa = PBXBuildFile; fileRef = E8D985A720C97AD800A9A300 /* LaunchScreen.storyboard */; };
		E8D985B420C97AD900A9A300 /* HomepwnerTests.swift in Sources */ = {isa = PBXBuildFile; fileRef = E8D985B320C97AD900A9A300 /* HomepwnerTests.swift */; };
		E8D985BF20C97AD900A9A300 /* HomepwnerUITests.swift in Sources */ = {isa = PBXBuildFile; fileRef = E8D985BE20C97AD900A9A300 /* HomepwnerUITests.swift */; };
		E8D985CD20C9805A00A9A300 /* ItemsViewController.swift in Sources */ = {isa = PBXBuildFile; fileRef = E8D985CC20C9805A00A9A300 /* ItemsViewController.swift */; };
/* End PBXBuildFile section */

/* Begin PBXContainerItemProxy section */
		E8D985B020C97AD900A9A300 /* PBXContainerItemProxy */ = {
			isa = PBXContainerItemProxy;
			containerPortal = E8D9859320C97AD400A9A300 /* Project object */;
			proxyType = 1;
			remoteGlobalIDString = E8D9859A20C97AD400A9A300;
			remoteInfo = Homepwner;
		};
		E8D985BB20C97AD900A9A300 /* PBXContainerItemProxy */ = {
			isa = PBXContainerItemProxy;
			containerPortal = E8D9859320C97AD400A9A300 /* Project object */;
			proxyType = 1;
			remoteGlobalIDString = E8D9859A20C97AD400A9A300;
			remoteInfo = Homepwner;
		};
/* End PBXContainerItemProxy section */

/* Begin PBXFileReference section */
		E8D9859B20C97AD400A9A300 /* Homepwner.app */ = {isa = PBXFileReference; explicitFileType = wrapper.application; includeInIndex = 0; path = Homepwner.app; sourceTree = BUILT_PRODUCTS_DIR; };
		E8D9859E20C97AD400A9A300 /* AppDelegate.swift */ = {isa = PBXFileReference; lastKnownFileType = sourcecode.swift; path = AppDelegate.swift; sourceTree = "<group>"; };
		E8D985A320C97AD400A9A300 /* Base */ = {isa = PBXFileReference; lastKnownFileType = file.storyboard; name = Base; path = Base.lproj/Main.storyboard; sourceTree = "<group>"; };
		E8D985A520C97AD800A9A300 /* Assets.xcassets */ = {isa = PBXFileReference; lastKnownFileType = folder.assetcatalog; path = Assets.xcassets; sourceTree = "<group>"; };
		E8D985A820C97AD800A9A300 /* Base */ = {isa = PBXFileReference; lastKnownFileType = file.storyboard; name = Base; path = Base.lproj/LaunchScreen.storyboard; sourceTree = "<group>"; };
		E8D985AA20C97AD900A9A300 /* Info.plist */ = {isa = PBXFileReference; lastKnownFileType = text.plist.xml; path = Info.plist; sourceTree = "<group>"; };
		E8D985AF20C97AD900A9A300 /* HomepwnerTests.xctest */ = {isa = PBXFileReference; explicitFileType = wrapper.cfbundle; includeInIndex = 0; path = HomepwnerTests.xctest; sourceTree = BUILT_PRODUCTS_DIR; };
		E8D985B320C97AD900A9A300 /* HomepwnerTests.swift */ = {isa = PBXFileReference; lastKnownFileType = sourcecode.swift; path = HomepwnerTests.swift; sourceTree = "<group>"; };
		E8D985B520C97AD900A9A300 /* Info.plist */ = {isa = PBXFileReference; lastKnownFileType = text.plist.xml; path = Info.plist; sourceTree = "<group>"; };
		E8D985BA20C97AD900A9A300 /* HomepwnerUITests.xctest */ = {isa = PBXFileReference; explicitFileType = wrapper.cfbundle; includeInIndex = 0; path = HomepwnerUITests.xctest; sourceTree = BUILT_PRODUCTS_DIR; };
		E8D985BE20C97AD900A9A300 /* HomepwnerUITests.swift */ = {isa = PBXFileReference; lastKnownFileType = sourcecode.swift; path = HomepwnerUITests.swift; sourceTree = "<group>"; };
		E8D985C020C97AD900A9A300 /* Info.plist */ = {isa = PBXFileReference; lastKnownFileType = text.plist.xml; path = Info.plist; sourceTree = "<group>"; };
		E8D985CC20C9805A00A9A300 /* ItemsViewController.swift */ = {isa = PBXFileReference; lastKnownFileType = sourcecode.swift; path = ItemsViewController.swift; sourceTree = "<group>"; };
/* End PBXFileReference section */

/* Begin PBXFrameworksBuildPhase section */
		E8D9859820C97AD400A9A300 /* Frameworks */ = {
			isa = PBXFrameworksBuildPhase;
			buildActionMask = 2147483647;
			files = (
			);
			runOnlyForDeploymentPostprocessing = 0;
		};
		E8D985AC20C97AD900A9A300 /* Frameworks */ = {
			isa = PBXFrameworksBuildPhase;
			buildActionMask = 2147483647;
			files = (
			);
			runOnlyForDeploymentPostprocessing = 0;
		};
		E8D985B720C97AD900A9A300 /* Frameworks */ = {
			isa = PBXFrameworksBuildPhase;
			buildActionMask = 2147483647;
			files = (
			);
			runOnlyForDeploymentPostprocessing = 0;
		};
/* End PBXFrameworksBuildPhase section */

/* Begin PBXGroup section */
		E8D9859220C97AD400A9A300 = {
			isa = PBXGroup;
			children = (
				E8D9859D20C97AD400A9A300 /* Homepwner */,
				E8D985B220C97AD900A9A300 /* HomepwnerTests */,
				E8D985BD20C97AD900A9A300 /* HomepwnerUITests */,
				E8D9859C20C97AD400A9A300 /* Products */,
			);
			sourceTree = "<group>";
		};
		E8D9859C20C97AD400A9A300 /* Products */ = {
			isa = PBXGroup;
			children = (
				E8D9859B20C97AD400A9A300 /* Homepwner.app */,
				E8D985AF20C97AD900A9A300 /* HomepwnerTests.xctest */,
				E8D985BA20C97AD900A9A300 /* HomepwnerUITests.xctest */,
			);
			name = Products;
			sourceTree = "<group>";
		};
		E8D9859D20C97AD400A9A300 /* Homepwner */ = {
			isa = PBXGroup;
			children = (
				E8D9859E20C97AD400A9A300 /* AppDelegate.swift */,
				E8D985A220C97AD400A9A300 /* Main.storyboard */,
				E8D985A520C97AD800A9A300 /* Assets.xcassets */,
				E8D985A720C97AD800A9A300 /* LaunchScreen.storyboard */,
				E8D985AA20C97AD900A9A300 /* Info.plist */,
				E8D985CC20C9805A00A9A300 /* ItemsViewController.swift */,
			);
			path = Homepwner;
			sourceTree = "<group>";
		};
		E8D985B220C97AD900A9A300 /* HomepwnerTests */ = {
			isa = PBXGroup;
			children = (
				E8D985B320C97AD900A9A300 /* HomepwnerTests.swift */,
				E8D985B520C97AD900A9A300 /* Info.plist */,
			);
			path = HomepwnerTests;
			sourceTree = "<group>";
		};
		E8D985BD20C97AD900A9A300 /* HomepwnerUITests */ = {
			isa = PBXGroup;
			children = (
				E8D985BE20C97AD900A9A300 /* HomepwnerUITests.swift */,
				E8D985C020C97AD900A9A300 /* Info.plist */,
			);
			path = HomepwnerUITests;
			sourceTree = "<group>";
		};
/* End PBXGroup section */

/* Begin PBXNativeTarget section */
		E8D9859A20C97AD400A9A300 /* Homepwner */ = {
			isa = PBXNativeTarget;
			buildConfigurationList = E8D985C320C97AD900A9A300 /* Build configuration list for PBXNativeTarget "Homepwner" */;
			buildPhases = (
				E8D9859720C97AD400A9A300 /* Sources */,
				E8D9859820C97AD400A9A300 /* Frameworks */,
				E8D9859920C97AD400A9A300 /* Resources */,
			);
			buildRules = (
			);
			dependencies = (
			);
			name = Homepwner;
			productName = Homepwner;
			productReference = E8D9859B20C97AD400A9A300 /* Homepwner.app */;
			productType = "com.apple.product-type.application";
		};
		E8D985AE20C97AD900A9A300 /* HomepwnerTests */ = {
			isa = PBXNativeTarget;
			buildConfigurationList = E8D985C620C97AD900A9A300 /* Build configuration list for PBXNativeTarget "HomepwnerTests" */;
			buildPhases = (
				E8D985AB20C97AD900A9A300 /* Sources */,
				E8D985AC20C97AD900A9A300 /* Frameworks */,
				E8D985AD20C97AD900A9A300 /* Resources */,
			);
			buildRules = (
			);
			dependencies = (
				E8D985B120C97AD900A9A300 /* PBXTargetDependency */,
			);
			name = HomepwnerTests;
			productName = HomepwnerTests;
			productReference = E8D985AF20C97AD900A9A300 /* HomepwnerTests.xctest */;
			productType = "com.apple.product-type.bundle.unit-test";
		};
		E8D985B920C97AD900A9A300 /* HomepwnerUITests */ = {
			isa = PBXNativeTarget;
			buildConfigurationList = E8D985C920C97AD900A9A300 /* Build configuration list for PBXNativeTarget "HomepwnerUITests" */;
			buildPhases = (
				E8D985B620C97AD900A9A300 /* Sources */,
				E8D985B720C97AD900A9A300 /* Frameworks */,
				E8D985B820C97AD900A9A300 /* Resources */,
			);
			buildRules = (
			);
			dependencies = (
				E8D985BC20C97AD900A9A300 /* PBXTargetDependency */,
			);
			name = HomepwnerUITests;
			productName = HomepwnerUITests;
			productReference = E8D985BA20C97AD900A9A300 /* HomepwnerUITests.xctest */;
			productType = "com.apple.product-type.bundle.ui-testing";
		};
/* End PBXNativeTarget section */

/* Begin PBXProject section */
		E8D9859320C97AD400A9A300 /* Project object */ = {
			isa = PBXProject;
			attributes = {
				LastSwiftUpdateCheck = 0940;
				LastUpgradeCheck = 0940;
				ORGANIZATIONNAME = whereisdarran;
				TargetAttributes = {
					E8D9859A20C97AD400A9A300 = {
						CreatedOnToolsVersion = 9.4;
					};
					E8D985AE20C97AD900A9A300 = {
						CreatedOnToolsVersion = 9.4;
						TestTargetID = E8D9859A20C97AD400A9A300;
					};
					E8D985B920C97AD900A9A300 = {
						CreatedOnToolsVersion = 9.4;
						TestTargetID = E8D9859A20C97AD400A9A300;
					};
				};
			};
			buildConfigurationList = E8D9859620C97AD400A9A300 /* Build configuration list for PBXProject "Homepwner" */;
			compatibilityVersion = "Xcode 9.3";
			developmentRegion = en;
			hasScannedForEncodings = 0;
			knownRegions = (
				en,
				Base,
			);
			mainGroup = E8D9859220C97AD400A9A300;
			productRefGroup = E8D9859C20C97AD400A9A300 /* Products */;
			projectDirPath = "";
			projectRoot = "";
			targets = (
				E8D9859A20C97AD400A9A300 /* Homepwner */,
				E8D985AE20C97AD900A9A300 /* HomepwnerTests */,
				E8D985B920C97AD900A9A300 /* HomepwnerUITests */,
			);
		};
/* End PBXProject section */

/* Begin PBXResourcesBuildPhase section */
		E8D9859920C97AD400A9A300 /* Resources */ = {
			isa = PBXResourcesBuildPhase;
			buildActionMask = 2147483647;
			files = (
				E8D985A920C97AD800A9A300 /* LaunchScreen.storyboard in Resources */,
				E8D985A620C97AD800A9A300 /* Assets.xcassets in Resources */,
				E8D985A420C97AD400A9A300 /* Main.storyboard in Resources */,
			);
			runOnlyForDeploymentPostprocessing = 0;
		};
		E8D985AD20C97AD900A9A300 /* Resources */ = {
			isa = PBXResourcesBuildPhase;
			buildActionMask = 2147483647;
			files = (
			);
			runOnlyForDeploymentPostprocessing = 0;
		};
		E8D985B820C97AD900A9A300 /* Resources */ = {
			isa = PBXResourcesBuildPhase;
			buildActionMask = 2147483647;
			files = (
			);
			runOnlyForDeploymentPostprocessing = 0;
		};
/* End PBXResourcesBuildPhase section */

/* Begin PBXSourcesBuildPhase section */
		E8D9859720C97AD400A9A300 /* Sources */ = {
			isa = PBXSourcesBuildPhase;
			buildActionMask = 2147483647;
			files = (
				E8D985CD20C9805A00A9A300 /* ItemsViewController.swift in Sources */,
				E8D9859F20C97AD400A9A300 /* AppDelegate.swift in Sources */,
			);
			runOnlyForDeploymentPostprocessing = 0;
		};
		E8D985AB20C97AD900A9A300 /* Sources */ = {
			isa = PBXSourcesBuildPhase;
			buildActionMask = 2147483647;
			files = (
				E8D985B420C97AD900A9A300 /* HomepwnerTests.swift in Sources */,
			);
			runOnlyForDeploymentPostprocessing = 0;
		};
		E8D985B620C97AD900A9A300 /* Sources */ = {
			isa = PBXSourcesBuildPhase;
			buildActionMask = 2147483647;
			files = (
				E8D985BF20C97AD900A9A300 /* HomepwnerUITests.swift in Sources */,
			);
			runOnlyForDeploymentPostprocessing = 0;
		};
/* End PBXSourcesBuildPhase section */

/* Begin PBXTargetDependency section */
		E8D985B120C97AD900A9A300 /* PBXTargetDependency */ = {
			isa = PBXTargetDependency;
			target = E8D9859A20C97AD400A9A300 /* Homepwner */;
			targetProxy = E8D985B020C97AD900A9A300 /* PBXContainerItemProxy */;
		};
		E8D985BC20C97AD900A9A300 /* PBXTargetDependency */ = {
			isa = PBXTargetDependency;
			target = E8D9859A20C97AD400A9A300 /* Homepwner */;
			targetProxy = E8D985BB20C97AD900A9A300 /* PBXContainerItemProxy */;
		};
/* End PBXTargetDependency section */

/* Begin PBXVariantGroup section */
		E8D985A220C97AD400A9A300 /* Main.storyboard */ = {
			isa = PBXVariantGroup;
			children = (
				E8D985A320C97AD400A9A300 /* Base */,
			);
			name = Main.storyboard;
			sourceTree = "<group>";
		};
		E8D985A720C97AD800A9A300 /* LaunchScreen.storyboard */ = {
			isa = PBXVariantGroup;
			children = (
				E8D985A820C97AD800A9A300 /* Base */,
			);
			name = LaunchScreen.storyboard;
			sourceTree = "<group>";
		};
/* End PBXVariantGroup section */

/* Begin XCBuildConfiguration section */
		E8D985C120C97AD900A9A300 /* Debug */ = {
			isa = XCBuildConfiguration;
			buildSettings = {
				ALWAYS_SEARCH_USER_PATHS = NO;
				CLANG_ANALYZER_NONNULL = YES;
				CLANG_ANALYZER_NUMBER_OBJECT_CONVERSION = YES_AGGRESSIVE;
				CLANG_CXX_LANGUAGE_STANDARD = "gnu++14";
				CLANG_CXX_LIBRARY = "libc++";
				CLANG_ENABLE_MODULES = YES;
				CLANG_ENABLE_OBJC_ARC = YES;
				CLANG_ENABLE_OBJC_WEAK = YES;
				CLANG_WARN_BLOCK_CAPTURE_AUTORELEASING = YES;
				CLANG_WARN_BOOL_CONVERSION = YES;
				CLANG_WARN_COMMA = YES;
				CLANG_WARN_CONSTANT_CONVERSION = YES;
				CLANG_WARN_DEPRECATED_OBJC_IMPLEMENTATIONS = YES;
				CLANG_WARN_DIRECT_OBJC_ISA_USAGE = YES_ERROR;
				CLANG_WARN_DOCUMENTATION_COMMENTS = YES;
				CLANG_WARN_EMPTY_BODY = YES;
				CLANG_WARN_ENUM_CONVERSION = YES;
				CLANG_WARN_INFINITE_RECURSION = YES;
				CLANG_WARN_INT_CONVERSION = YES;
				CLANG_WARN_NON_LITERAL_NULL_CONVERSION = YES;
				CLANG_WARN_OBJC_IMPLICIT_RETAIN_SELF = YES;
				CLANG_WARN_OBJC_LITERAL_CONVERSION = YES;
				CLANG_WARN_OBJC_ROOT_CLASS = YES_ERROR;
				CLANG_WARN_RANGE_LOOP_ANALYSIS = YES;
				CLANG_WARN_STRICT_PROTOTYPES = YES;
				CLANG_WARN_SUSPICIOUS_MOVE = YES;
				CLANG_WARN_UNGUARDED_AVAILABILITY = YES_AGGRESSIVE;
				CLANG_WARN_UNREACHABLE_CODE = YES;
				CLANG_WARN__DUPLICATE_METHOD_MATCH = YES;
				CODE_SIGN_IDENTITY = "iPhone Developer";
				COPY_PHASE_STRIP = NO;
				DEBUG_INFORMATION_FORMAT = dwarf;
				ENABLE_STRICT_OBJC_MSGSEND = YES;
				ENABLE_TESTABILITY = YES;
				GCC_C_LANGUAGE_STANDARD = gnu11;
				GCC_DYNAMIC_NO_PIC = NO;
				GCC_NO_COMMON_BLOCKS = YES;
				GCC_OPTIMIZATION_LEVEL = 0;
				GCC_PREPROCESSOR_DEFINITIONS = (
					"DEBUG=1",
					"$(inherited)",
				);
				GCC_WARN_64_TO_32_BIT_CONVERSION = YES;
				GCC_WARN_ABOUT_RETURN_TYPE = YES_ERROR;
				GCC_WARN_UNDECLARED_SELECTOR = YES;
				GCC_WARN_UNINITIALIZED_AUTOS = YES_AGGRESSIVE;
				GCC_WARN_UNUSED_FUNCTION = YES;
				GCC_WARN_UNUSED_VARIABLE = YES;
				IPHONEOS_DEPLOYMENT_TARGET = 11.4;
				MTL_ENABLE_DEBUG_INFO = YES;
				ONLY_ACTIVE_ARCH = YES;
				SDKROOT = iphoneos;
				SWIFT_ACTIVE_COMPILATION_CONDITIONS = DEBUG;
				SWIFT_OPTIMIZATION_LEVEL = "-Onone";
			};
			name = Debug;
		};
		E8D985C220C97AD900A9A300 /* Release */ = {
			isa = XCBuildConfiguration;
			buildSettings = {
				ALWAYS_SEARCH_USER_PATHS = NO;
				CLANG_ANALYZER_NONNULL = YES;
				CLANG_ANALYZER_NUMBER_OBJECT_CONVERSION = YES_AGGRESSIVE;
				CLANG_CXX_LANGUAGE_STANDARD = "gnu++14";
				CLANG_CXX_LIBRARY = "libc++";
				CLANG_ENABLE_MODULES = YES;
				CLANG_ENABLE_OBJC_ARC = YES;
				CLANG_ENABLE_OBJC_WEAK = YES;
				CLANG_WARN_BLOCK_CAPTURE_AUTORELEASING = YES;
				CLANG_WARN_BOOL_CONVERSION = YES;
				CLANG_WARN_COMMA = YES;
				CLANG_WARN_CONSTANT_CONVERSION = YES;
				CLANG_WARN_DEPRECATED_OBJC_IMPLEMENTATIONS = YES;
				CLANG_WARN_DIRECT_OBJC_ISA_USAGE = YES_ERROR;
				CLANG_WARN_DOCUMENTATION_COMMENTS = YES;
				CLANG_WARN_EMPTY_BODY = YES;
				CLANG_WARN_ENUM_CONVERSION = YES;
				CLANG_WARN_INFINITE_RECURSION = YES;
				CLANG_WARN_INT_CONVERSION = YES;
				CLANG_WARN_NON_LITERAL_NULL_CONVERSION = YES;
				CLANG_WARN_OBJC_IMPLICIT_RETAIN_SELF = YES;
				CLANG_WARN_OBJC_LITERAL_CONVERSION = YES;
				CLANG_WARN_OBJC_ROOT_CLASS = YES_ERROR;
				CLANG_WARN_RANGE_LOOP_ANALYSIS = YES;
				CLANG_WARN_STRICT_PROTOTYPES = YES;
				CLANG_WARN_SUSPICIOUS_MOVE = YES;
				CLANG_WARN_UNGUARDED_AVAILABILITY = YES_AGGRESSIVE;
				CLANG_WARN_UNREACHABLE_CODE = YES;
				CLANG_WARN__DUPLICATE_METHOD_MATCH = YES;
				CODE_SIGN_IDENTITY = "iPhone Developer";
				COPY_PHASE_STRIP = NO;
				DEBUG_INFORMATION_FORMAT = "dwarf-with-dsym";
				ENABLE_NS_ASSERTIONS = NO;
				ENABLE_STRICT_OBJC_MSGSEND = YES;
				GCC_C_LANGUAGE_STANDARD = gnu11;
				GCC_NO_COMMON_BLOCKS = YES;
				GCC_WARN_64_TO_32_BIT_CONVERSION = YES;
				GCC_WARN_ABOUT_RETURN_TYPE = YES_ERROR;
				GCC_WARN_UNDECLARED_SELECTOR = YES;
				GCC_WARN_UNINITIALIZED_AUTOS = YES_AGGRESSIVE;
				GCC_WARN_UNUSED_FUNCTION = YES;
				GCC_WARN_UNUSED_VARIABLE = YES;
				IPHONEOS_DEPLOYMENT_TARGET = 11.4;
				MTL_ENABLE_DEBUG_INFO = NO;
				SDKROOT = iphoneos;
				SWIFT_COMPILATION_MODE = wholemodule;
				SWIFT_OPTIMIZATION_LEVEL = "-O";
				VALIDATE_PRODUCT = YES;
			};
			name = Release;
		};
		E8D985C420C97AD900A9A300 /* Debug */ = {
			isa = XCBuildConfiguration;
			buildSettings = {
				ASSETCATALOG_COMPILER_APPICON_NAME = AppIcon;
				CODE_SIGN_STYLE = Automatic;
				INFOPLIST_FILE = Homepwner/Info.plist;
				LD_RUNPATH_SEARCH_PATHS = (
					"$(inherited)",
					"@executable_path/Frameworks",
				);
				PRODUCT_BUNDLE_IDENTIFIER = com.whereisdarran.Homepwner;
				PRODUCT_NAME = "$(TARGET_NAME)";
				SWIFT_VERSION = 4.0;
				TARGETED_DEVICE_FAMILY = "1,2";
			};
			name = Debug;
		};
		E8D985C520C97AD900A9A300 /* Release */ = {
			isa = XCBuildConfiguration;
			buildSettings = {
				ASSETCATALOG_COMPILER_APPICON_NAME = AppIcon;
				CODE_SIGN_STYLE = Automatic;
				INFOPLIST_FILE = Homepwner/Info.plist;
				LD_RUNPATH_SEARCH_PATHS = (
					"$(inherited)",
					"@executable_path/Frameworks",
				);
				PRODUCT_BUNDLE_IDENTIFIER = com.whereisdarran.Homepwner;
				PRODUCT_NAME = "$(TARGET_NAME)";
				SWIFT_VERSION = 4.0;
				TARGETED_DEVICE_FAMILY = "1,2";
			};
			name = Release;
		};
		E8D985C720C97AD900A9A300 /* Debug */ = {
			isa = XCBuildConfiguration;
			buildSettings = {
				ALWAYS_EMBED_SWIFT_STANDARD_LIBRARIES = YES;
				BUNDLE_LOADER = "$(TEST_HOST)";
				CODE_SIGN_STYLE = Automatic;
				INFOPLIST_FILE = HomepwnerTests/Info.plist;
				LD_RUNPATH_SEARCH_PATHS = (
					"$(inherited)",
					"@executable_path/Frameworks",
					"@loader_path/Frameworks",
				);
				PRODUCT_BUNDLE_IDENTIFIER = com.whereisdarran.HomepwnerTests;
				PRODUCT_NAME = "$(TARGET_NAME)";
				SWIFT_VERSION = 4.0;
				TARGETED_DEVICE_FAMILY = "1,2";
				TEST_HOST = "$(BUILT_PRODUCTS_DIR)/Homepwner.app/Homepwner";
			};
			name = Debug;
		};
		E8D985C820C97AD900A9A300 /* Release */ = {
			isa = XCBuildConfiguration;
			buildSettings = {
				ALWAYS_EMBED_SWIFT_STANDARD_LIBRARIES = YES;
				BUNDLE_LOADER = "$(TEST_HOST)";
				CODE_SIGN_STYLE = Automatic;
				INFOPLIST_FILE = HomepwnerTests/Info.plist;
				LD_RUNPATH_SEARCH_PATHS = (
					"$(inherited)",
					"@executable_path/Frameworks",
					"@loader_path/Frameworks",
				);
				PRODUCT_BUNDLE_IDENTIFIER = com.whereisdarran.HomepwnerTests;
				PRODUCT_NAME = "$(TARGET_NAME)";
				SWIFT_VERSION = 4.0;
				TARGETED_DEVICE_FAMILY = "1,2";
				TEST_HOST = "$(BUILT_PRODUCTS_DIR)/Homepwner.app/Homepwner";
			};
			name = Release;
		};
		E8D985CA20C97AD900A9A300 /* Debug */ = {
			isa = XCBuildConfiguration;
			buildSettings = {
				ALWAYS_EMBED_SWIFT_STANDARD_LIBRARIES = YES;
				CODE_SIGN_STYLE = Automatic;
				INFOPLIST_FILE = HomepwnerUITests/Info.plist;
				LD_RUNPATH_SEARCH_PATHS = (
					"$(inherited)",
					"@executable_path/Frameworks",
					"@loader_path/Frameworks",
				);
				PRODUCT_BUNDLE_IDENTIFIER = com.whereisdarran.HomepwnerUITests;
				PRODUCT_NAME = "$(TARGET_NAME)";
				SWIFT_VERSION = 4.0;
				TARGETED_DEVICE_FAMILY = "1,2";
				TEST_TARGET_NAME = Homepwner;
			};
			name = Debug;
		};
		E8D985CB20C97AD900A9A300 /* Release */ = {
			isa = XCBuildConfiguration;
			buildSettings = {
				ALWAYS_EMBED_SWIFT_STANDARD_LIBRARIES = YES;
				CODE_SIGN_STYLE = Automatic;
				INFOPLIST_FILE = HomepwnerUITests/Info.plist;
				LD_RUNPATH_SEARCH_PATHS = (
					"$(inherited)",
					"@executable_path/Frameworks",
					"@loader_path/Frameworks",
				);
				PRODUCT_BUNDLE_IDENTIFIER = com.whereisdarran.HomepwnerUITests;
				PRODUCT_NAME = "$(TARGET_NAME)";
				SWIFT_VERSION = 4.0;
				TARGETED_DEVICE_FAMILY = "1,2";
				TEST_TARGET_NAME = Homepwner;
			};
			name = Release;
		};
/* End XCBuildConfiguration section */

/* Begin XCConfigurationList section */
		E8D9859620C97AD400A9A300 /* Build configuration list for PBXProject "Homepwner" */ = {
			isa = XCConfigurationList;
			buildConfigurations = (
				E8D985C120C97AD900A9A300 /* Debug */,
				E8D985C220C97AD900A9A300 /* Release */,
			);
			defaultConfigurationIsVisible = 0;
			defaultConfigurationName = Release;
		};
		E8D985C320C97AD900A9A300 /* Build configuration list for PBXNativeTarget "Homepwner" */ = {
			isa = XCConfigurationList;
			buildConfigurations = (
				E8D985C420C97AD900A9A300 /* Debug */,
				E8D985C520C97AD900A9A300 /* Release */,
			);
			defaultConfigurationIsVisible = 0;
			defaultConfigurationName = Release;
		};
		E8D985C620C97AD900A9A300 /* Build configuration list for PBXNativeTarget "HomepwnerTests" */ = {
			isa = XCConfigurationList;
			buildConfigurations = (
				E8D985C720C97AD900A9A300 /* Debug */,
				E8D985C820C97AD900A9A300 /* Release */,
			);
			defaultConfigurationIsVisible = 0;
			defaultConfigurationName = Release;
		};
		E8D985C920C97AD900A9A300 /* Build configuration list for PBXNativeTarget "HomepwnerUITests" */ = {
			isa = XCConfigurationList;
			buildConfigurations = (
				E8D985CA20C97AD900A9A300 /* Debug */,
				E8D985CB20C97AD900A9A300 /* Release */,
			);
			defaultConfigurationIsVisible = 0;
			defaultConfigurationName = Release;
		};
/* End XCConfigurationList section */
	};
	rootObject = E8D9859320C97AD400A9A300 /* Project object */;
}
